{
  "schemaVersion": 1,
  "generator": "opencli2rust",
  "files": {
    ".gitignore": "44c92e3a70ad3307b7056871c2bdb096d8bfa9373f5bf06a79bb6324a20ff2fb",
    "Cargo.toml": "5b497c2d9b30726138706f79a20d198fa51bfbdc040c19401d6ce9ff4248e2f7",
    "src/main.rs": "0240a1218dde81c8f50976e74992e466ca80f91c8cbac439f1d997f85c013b17",
    "src/opencli/cli.rs": "405d009b569b660077a8464fbcbb2481052a93c93287fc330657f48f768abc4a",
    "src/opencli/cmd/build.rs": "808775907a7e6fc9736975541f64f089aaf11759cb23c4acc242a0d6f3e57c8a",
    "src/opencli/cmd/completion.rs": "e7e26c88261f4d9887fa4ad6a792cca62aa317491bafb64b6689ebc958d65f2a",
    "src/opencli/cmd/components.rs": "74788cc501b31643e7bf3859a27be7d44bb61fb4b4c4812e85a251e516f0980c",
    "src/opencli/cmd/dev.rs": "6e5f826ecef53a9b1a1db5d99f9013c639eb6fe962f763205eb6249e5128aebc",
    "src/opencli/cmd/install.rs": "9c3d0e9fe63e485ebe9758a546309f3b55c7570b96fe791cec31f61ab5782d73",
    "src/opencli/cmd/migrateme.rs": "1d29dec40e897313df0cb76324bc3b19d4f40c2a20523c32794bfab4e8b7ef6a",
    "src/opencli/cmd/mod.rs": "596c4184d6baf8299bd1f97e4fa0eb4cc14b70d26ef657887185be800f02990b",
    "src/opencli/cmd/opensdk.rs": "078d94252f9459165d46469c9f2daf53ba405f3be8af4bb72b0c9f09a1d7918f",
    "src/opencli/cmd/serve.rs": "db558e6fb397438778e08d61a741a5ffbfdbaf5eb26775ab25c4f0d8afd42392",
    "src/opencli/mod.rs": "3ffa1def7e7adff0d7b1d9db5531f0279adc6be59d5f41be33ca3fc08935ffc6",
    "src/opencli/runtime/actions.rs": "155bd0a95052907e8121248e91628be68e3baa56058ee0d5e80184de0d1386f0",
    "src/opencli/runtime/commands.rs": "559448821c8df50606b901ef6bcbefb942c4ba36ca15e466afd2759d46985662",
    "src/opencli/runtime/config.rs": "f41bb3bb82cc2f0ba3a84894b8e454447988a7c3a5692cbced31809a8825fa8f",
    "src/opencli/runtime/custom.rs": "64f7807ceff5f05d440ef49c31ed097a6302c804ebf501600b85bc316e97fe54",
    "src/opencli/runtime/http.rs": "8d69331571c3ca676567398b1931f48afb461cabd47e7fcf82bd0417bbc46ca0",
    "src/opencli/runtime/mod.rs": "172a0052db0a65c125379c0606aaa471379a7072344c90961f5a5ddad75f6c58",
    "src/opencli/runtime/overrides.rs": "e9a5ee574239b1d64de9ee11db71ba732d82894d64834bfdb619a1d8029d2c22",
    "src/v0/mod.rs": "e5b9c26fd508a343778ca37c70dc5d64079c977754c4760e9963812f593aec55"
  }
}
