{
  "schemaVersion": 1,
  "generator": "opencli2rust",
  "files": {
    ".gitignore": "44c92e3a70ad3307b7056871c2bdb096d8bfa9373f5bf06a79bb6324a20ff2fb",
    "Cargo.toml": "bd3658b3663276fba4f396d94571ca0d6cb156a4e60b2d40faadf30a5a8b8138",
    "src/custom/mod.rs": "17f6cce7c7b000e9aa9fdfc31bb45054fd681ff1100280881c2fad97713aaa0b",
    "src/gen/cli.rs": "afda3694c044e340fdb2b02256acc30fef4095835ebc59fb701557e4f8df5358",
    "src/gen/cmd/api_keys.rs": "d38b175d2e387e4785ad2b89387a39e65590aeaa3c88ec9f4cb4e34cc801144e",
    "src/gen/cmd/apis.rs": "892b8248348fc22614251ce01ed09b4b4bd4bf9b57765e68d00e38fe1c5f73d3",
    "src/gen/cmd/auth.rs": "f818c09baeff416656a9f59b5787cdeaaa928a8b9824968420e7db35437732e0",
    "src/gen/cmd/context.rs": "a58b7383e3b95bdc939e44aed4d88b8929c01704de402cd11affb07b15f086fe",
    "src/gen/cmd/docs_projects.rs": "503c863177899fa682951174a7bdd59363088d6c36e75a003d3add9bedeac907",
    "src/gen/cmd/git_providers.rs": "0fcc4eea0ec1288679baede7fa9127cde2761bdb7bd5119b021bfab578594460",
    "src/gen/cmd/mcp_servers.rs": "315a5433836f2150554647855699dab5fcaaf1f5be11a61a39517574d86bdda4",
    "src/gen/cmd/members.rs": "ee8f734b68688fb1cdbfce7fa3fa9e9707224d642368590973303950c0ccb51e",
    "src/gen/cmd/mod.rs": "7a9935975bd74d14ef92c0e09942998baf7a0ecdddd614863dc825e28d6cf344",
    "src/gen/cmd/notifications.rs": "a82f6217ab148509ad3db133861da05a2e1c1bdd68ede55c34116f383f4e005d",
    "src/gen/cmd/overview.rs": "b9a2660eaa0e164d0c4d9751071ff699c43bb6df79572348591d9055e6bcc5a6",
    "src/gen/cmd/package_registries.rs": "1ba3e04dd65c9d0feec13ed6389071d9ba2f16f4bce7ac3d6f7ae0ae5030dbf6",
    "src/gen/cmd/projects.rs": "f7c2810ac568bd54dcfef8c38ce8f90ba860d926e98b7966b336f8fb66838138",
    "src/gen/cmd/registry_connections.rs": "18ece2aa582bed18614259a1d1187f22de0bd32368b6ed988e027fa95b72e62e",
    "src/gen/cmd/releases.rs": "b4baff21d09a91726899c9b76784067d8e69226329d634ced37203053aa44ffc",
    "src/gen/cmd/repo_connections.rs": "ca2bb2f43b914a338aab67170008980cf1415fa23d527a08cdf3a38cf9b9c5ce",
    "src/gen/cmd/sdk_targets.rs": "4cd1d858fdeaf170bd7353bb31e3fea3c290e6a5764c1bfc9ba8dd20182e6400",
    "src/gen/cmd/sdks.rs": "dd831b3c2a5626fa502b566ae50ba5eb384d5d50a4a78040fc1f5460bd757d78",
    "src/gen/cmd/usage.rs": "9d1b1e9fc9bf9996b2293ca84e18cf07cb930290f4040b71da01e0be182372ca",
    "src/gen/mod.rs": "3ffa1def7e7adff0d7b1d9db5531f0279adc6be59d5f41be33ca3fc08935ffc6",
    "src/gen/runtime/config.rs": "a17c5fdc587a8c8c5d4b7602d8aebb242ec24d91368ad46a50defdd11789ec2c",
    "src/gen/runtime/custom.rs": "64f7807ceff5f05d440ef49c31ed097a6302c804ebf501600b85bc316e97fe54",
    "src/gen/runtime/http.rs": "8d69331571c3ca676567398b1931f48afb461cabd47e7fcf82bd0417bbc46ca0",
    "src/gen/runtime/mod.rs": "1e14f1f5fc02b664fa9932a828f4ba19f47c0b2f8d37b55925c063445ee2ebbc",
    "src/gen/runtime/overrides.rs": "e9a5ee574239b1d64de9ee11db71ba732d82894d64834bfdb619a1d8029d2c22",
    "src/main.rs": "d671f2a0b3ec7fc2cd119ed4c34d17e21906b06abc589a1c5b41283abc8f4376"
  }
}
